
Microsoft Visual Studio Solution File, Format Version 12.00
# Visual Studio 15
VisualStudioVersion = 15.0.27428.2043
MinimumVisualStudioVersion = 10.0.40219.1
Project("{9A19103F-16F7-4668-BE54-9A1E7A4F7556}") = "L2ACP", "L2ACP.csproj", "{DBD0B050-16A8-4B67-9ADF-3EE87BD07633}"
EndProject
Global
	GlobalSection(SolutionConfigurationPlatforms) = preSolution
		Debug|Any CPU = Debug|Any CPU
		Release|Any CPU = Release|Any CPU
	EndGlobalSection
	GlobalSection(ProjectConfigurationPlatforms) = postSolution
		{DBD0B050-16A8-4B67-9ADF-3EE87BD07633}.Debug|Any CPU.ActiveCfg = Debug|Any CPU
		{DBD0B050-16A8-4B67-9ADF-3EE87BD07633}.Debug|Any CPU.Build.0 = Debug|Any CPU
		{DBD0B050-16A8-4B67-9ADF-3EE87BD07633}.Release|Any CPU.ActiveCfg = Release|Any CPU
		{DBD0B050-16A8-4B67-9ADF-3EE87BD07633}.Release|Any CPU.Build.0 = Release|Any CPU
	EndGlobalSection
	GlobalSection(SolutionProperties) = preSolution
		HideSolutionNode = FALSE
	EndGlobalSection
	GlobalSection(ExtensibilityGlobals) = postSolution
		SolutionGuid = {C6460CEA-D531-4176-8EC4-6F44DDE7B67B}
	EndGlobalSection
EndGlobal
